
Microsoft Visual Studio Solution File, Format Version 12.00
# Visual Studio Version 16
VisualStudioVersion = 16.0.29509.3
MinimumVisualStudioVersion = 10.0.40219.1
Project("{9A19103F-16F7-4668-BE54-9A1E7A4F7556}") = "BlazorServer", "BlazorServer\BlazorServer.csproj", "{448BFA8A-132E-42EA-B55B-56D69D7A00E8}"
EndProject
Project("{9A19103F-16F7-4668-BE54-9A1E7A4F7556}") = "EmployeeManagement.Models", "EmployeeManagement.Models\EmployeeManagement.Models.csproj", "{7286125F-65EB-4F07-A2B5-45239042E329}"
EndProject
Project("{9A19103F-16F7-4668-BE54-9A1E7A4F7556}") = "EmployeeManagement.Api", "EmployeeManagement.Api\EmployeeManagement.Api.csproj", "{32E64CEE-F391-42C6-A727-822F427C7128}"
EndProject
Global
	GlobalSection(SolutionConfigurationPlatforms) = preSolution
		Debug|Any CPU = Debug|Any CPU
		Release|Any CPU = Release|Any CPU
	EndGlobalSection
	GlobalSection(ProjectConfigurationPlatforms) = postSolution
		{448BFA8A-132E-42EA-B55B-56D69D7A00E8}.Debug|Any CPU.ActiveCfg = Debug|Any CPU
		{448BFA8A-132E-42EA-B55B-56D69D7A00E8}.Debug|Any CPU.Build.0 = Debug|Any CPU
		{448BFA8A-132E-42EA-B55B-56D69D7A00E8}.Release|Any CPU.ActiveCfg = Release|Any CPU
		{448BFA8A-132E-42EA-B55B-56D69D7A00E8}.Release|Any CPU.Build.0 = Release|Any CPU
		{7286125F-65EB-4F07-A2B5-45239042E329}.Debug|Any CPU.ActiveCfg = Debug|Any CPU
		{7286125F-65EB-4F07-A2B5-45239042E329}.Debug|Any CPU.Build.0 = Debug|Any CPU
		{7286125F-65EB-4F07-A2B5-45239042E329}.Release|Any CPU.ActiveCfg = Release|Any CPU
		{7286125F-65EB-4F07-A2B5-45239042E329}.Release|Any CPU.Build.0 = Release|Any CPU
		{32E64CEE-F391-42C6-A727-822F427C7128}.Debug|Any CPU.ActiveCfg = Debug|Any CPU
		{32E64CEE-F391-42C6-A727-822F427C7128}.Debug|Any CPU.Build.0 = Debug|Any CPU
		{32E64CEE-F391-42C6-A727-822F427C7128}.Release|Any CPU.ActiveCfg = Release|Any CPU
		{32E64CEE-F391-42C6-A727-822F427C7128}.Release|Any CPU.Build.0 = Release|Any CPU
	EndGlobalSection
	GlobalSection(SolutionProperties) = preSolution
		HideSolutionNode = FALSE
	EndGlobalSection
	GlobalSection(ExtensibilityGlobals) = postSolution
		SolutionGuid = {64A69BA3-6888-4404-B076-B7C89AB795C7}
	EndGlobalSection
EndGlobal
